// !$*UTF8*$!
{
	archiveVersion = 1;
	classes = {
	};
	objectVersion = 46;
	objects = {

/* Begin PBXBuildFile section */
		E0022E5D1D8A2DB200F5ED58 /* MaterialView.swift in Sources */ = {isa = PBXBuildFile; fileRef = E0022E5C1D8A2DB200F5ED58 /* MaterialView.swift */; };
		E0022E5F1D8A380200F5ED58 /* ItemCell.swift in Sources */ = {isa = PBXBuildFile; fileRef = E0022E5E1D8A380200F5ED58 /* ItemCell.swift */; };
		E01CF83D1D8A190900FC8ABD /* CustomTextField.swift in Sources */ = {isa = PBXBuildFile; fileRef = E01CF83C1D8A190900FC8ABD /* CustomTextField.swift */; };
		E01CF8681D8A1E0B00FC8ABD /* ItemType+CoreDataClass.swift in Sources */ = {isa = PBXBuildFile; fileRef = E01CF8601D8A1E0B00FC8ABD /* ItemType+CoreDataClass.swift */; };
		E01CF8691D8A1E0B00FC8ABD /* ItemType+CoreDataProperties.swift in Sources */ = {isa = PBXBuildFile; fileRef = E01CF8611D8A1E0B00FC8ABD /* ItemType+CoreDataProperties.swift */; };
		E01CF86A1D8A1E0B00FC8ABD /* Item+CoreDataClass.swift in Sources */ = {isa = PBXBuildFile; fileRef = E01CF8621D8A1E0B00FC8ABD /* Item+CoreDataClass.swift */; };
		E01CF86B1D8A1E0B00FC8ABD /* Item+CoreDataProperties.swift in Sources */ = {isa = PBXBuildFile; fileRef = E01CF8631D8A1E0B00FC8ABD /* Item+CoreDataProperties.swift */; };
		E01CF86C1D8A1E0B00FC8ABD /* Store+CoreDataClass.swift in Sources */ = {isa = PBXBuildFile; fileRef = E01CF8641D8A1E0B00FC8ABD /* Store+CoreDataClass.swift */; };
		E01CF86D1D8A1E0B00FC8ABD /* Store+CoreDataProperties.swift in Sources */ = {isa = PBXBuildFile; fileRef = E01CF8651D8A1E0B00FC8ABD /* Store+CoreDataProperties.swift */; };
		E01CF86E1D8A1E0B00FC8ABD /* Image+CoreDataClass.swift in Sources */ = {isa = PBXBuildFile; fileRef = E01CF8661D8A1E0B00FC8ABD /* Image+CoreDataClass.swift */; };
		E01CF86F1D8A1E0B00FC8ABD /* Image+CoreDataProperties.swift in Sources */ = {isa = PBXBuildFile; fileRef = E01CF8671D8A1E0B00FC8ABD /* Image+CoreDataProperties.swift */; };
		E076D07B1D8A17AB008E2704 /* AppDelegate.swift in Sources */ = {isa = PBXBuildFile; fileRef = E076D07A1D8A17AB008E2704 /* AppDelegate.swift */; };
		E076D07D1D8A17AB008E2704 /* MainVC.swift in Sources */ = {isa = PBXBuildFile; fileRef = E076D07C1D8A17AB008E2704 /* MainVC.swift */; };
		E076D0801D8A17AB008E2704 /* Main.storyboard in Resources */ = {isa = PBXBuildFile; fileRef = E076D07E1D8A17AB008E2704 /* Main.storyboard */; };
		E076D0831D8A17AB008E2704 /* DreamLister.xcdatamodeld in Sources */ = {isa = PBXBuildFile; fileRef = E076D0811D8A17AB008E2704 /* DreamLister.xcdatamodeld */; };
		E076D0851D8A17AB008E2704 /* Assets.xcassets in Resources */ = {isa = PBXBuildFile; fileRef = E076D0841D8A17AB008E2704 /* Assets.xcassets */; };
		E076D0881D8A17AB008E2704 /* LaunchScreen.storyboard in Resources */ = {isa = PBXBuildFile; fileRef = E076D0861D8A17AB008E2704 /* LaunchScreen.storyboard */; };
		E08CD9071D8E3E7B00EA33A5 /* ItemDetailsVC.swift in Sources */ = {isa = PBXBuildFile; fileRef = E08CD9061D8E3E7B00EA33A5 /* ItemDetailsVC.swift */; };
/* End PBXBuildFile section */

/* Begin PBXFileReference section */
		E0022E5C1D8A2DB200F5ED58 /* MaterialView.swift */ = {isa = PBXFileReference; fileEncoding = 4; lastKnownFileType = sourcecode.swift; path = MaterialView.swift; sourceTree = "<group>"; };
		E0022E5E1D8A380200F5ED58 /* ItemCell.swift */ = {isa = PBXFileReference; fileEncoding = 4; lastKnownFileType = sourcecode.swift; path = ItemCell.swift; sourceTree = "<group>"; };
		E01CF83C1D8A190900FC8ABD /* CustomTextField.swift */ = {isa = PBXFileReference; fileEncoding = 4; lastKnownFileType = sourcecode.swift; path = CustomTextField.swift; sourceTree = "<group>"; };
		E01CF8601D8A1E0B00FC8ABD /* ItemType+CoreDataClass.swift */ = {isa = PBXFileReference; fileEncoding = 4; lastKnownFileType = sourcecode.swift; path = "ItemType+CoreDataClass.swift"; sourceTree = "<group>"; };
		E01CF8611D8A1E0B00FC8ABD /* ItemType+CoreDataProperties.swift */ = {isa = PBXFileReference; fileEncoding = 4; lastKnownFileType = sourcecode.swift; path = "ItemType+CoreDataProperties.swift"; sourceTree = "<group>"; };
		E01CF8621D8A1E0B00FC8ABD /* Item+CoreDataClass.swift */ = {isa = PBXFileReference; fileEncoding = 4; lastKnownFileType = sourcecode.swift; path = "Item+CoreDataClass.swift"; sourceTree = "<group>"; };
		E01CF8631D8A1E0B00FC8ABD /* Item+CoreDataProperties.swift */ = {isa = PBXFileReference; fileEncoding = 4; lastKnownFileType = sourcecode.swift; path = "Item+CoreDataProperties.swift"; sourceTree = "<group>"; };
		E01CF8641D8A1E0B00FC8ABD /* Store+CoreDataClass.swift */ = {isa = PBXFileReference; fileEncoding = 4; lastKnownFileType = sourcecode.swift; path = "Store+CoreDataClass.swift"; sourceTree = "<group>"; };
		E01CF8651D8A1E0B00FC8ABD /* Store+CoreDataProperties.swift */ = {isa = PBXFileReference; fileEncoding = 4; lastKnownFileType = sourcecode.swift; path = "Store+CoreDataProperties.swift"; sourceTree = "<group>"; };
		E01CF8661D8A1E0B00FC8ABD /* Image+CoreDataClass.swift */ = {isa = PBXFileReference; fileEncoding = 4; lastKnownFileType = sourcecode.swift; path = "Image+CoreDataClass.swift"; sourceTree = "<group>"; };
		E01CF8671D8A1E0B00FC8ABD /* Image+CoreDataProperties.swift */ = {isa = PBXFileReference; fileEncoding = 4; lastKnownFileType = sourcecode.swift; path = "Image+CoreDataProperties.swift"; sourceTree = "<group>"; };
		E076D0771D8A17AB008E2704 /* DreamLister.app */ = {isa = PBXFileReference; explicitFileType = wrapper.application; includeInIndex = 0; path = DreamLister.app; sourceTree = BUILT_PRODUCTS_DIR; };
		E076D07A1D8A17AB008E2704 /* AppDelegate.swift */ = {isa = PBXFileReference; lastKnownFileType = sourcecode.swift; path = AppDelegate.swift; sourceTree = "<group>"; };
		E076D07C1D8A17AB008E2704 /* MainVC.swift */ = {isa = PBXFileReference; lastKnownFileType = sourcecode.swift; path = MainVC.swift; sourceTree = "<group>"; };
		E076D07F1D8A17AB008E2704 /* Base */ = {isa = PBXFileReference; lastKnownFileType = file.storyboard; name = Base; path = Base.lproj/Main.storyboard; sourceTree = "<group>"; };
		E076D0821D8A17AB008E2704 /* DreamLister.xcdatamodel */ = {isa = PBXFileReference; lastKnownFileType = wrapper.xcdatamodel; path = DreamLister.xcdatamodel; sourceTree = "<group>"; };
		E076D0841D8A17AB008E2704 /* Assets.xcassets */ = {isa = PBXFileReference; lastKnownFileType = folder.assetcatalog; path = Assets.xcassets; sourceTree = "<group>"; };
		E076D0871D8A17AB008E2704 /* Base */ = {isa = PBXFileReference; lastKnownFileType = file.storyboard; name = Base; path = Base.lproj/LaunchScreen.storyboard; sourceTree = "<group>"; };
		E076D0891D8A17AB008E2704 /* Info.plist */ = {isa = PBXFileReference; lastKnownFileType = text.plist.xml; path = Info.plist; sourceTree = "<group>"; };
		E08CD9061D8E3E7B00EA33A5 /* ItemDetailsVC.swift */ = {isa = PBXFileReference; fileEncoding = 4; lastKnownFileType = sourcecode.swift; path = ItemDetailsVC.swift; sourceTree = "<group>"; };
/* End PBXFileReference section */

/* Begin PBXFrameworksBuildPhase section */
		E076D0741D8A17AB008E2704 /* Frameworks */ = {
			isa = PBXFrameworksBuildPhase;
			buildActionMask = 2147483647;
			files = (
			);
			runOnlyForDeploymentPostprocessing = 0;
		};
/* End PBXFrameworksBuildPhase section */

/* Begin PBXGroup section */
		E0022E5B1D8A2D9800F5ED58 /* View */ = {
			isa = PBXGroup;
			children = (
				E0022E5C1D8A2DB200F5ED58 /* MaterialView.swift */,
				E01CF83C1D8A190900FC8ABD /* CustomTextField.swift */,
				E0022E5E1D8A380200F5ED58 /* ItemCell.swift */,
			);
			name = View;
			sourceTree = "<group>";
		};
		E01CF84E1D8A1C8300FC8ABD /* Model */ = {
			isa = PBXGroup;
			children = (
				E01CF8601D8A1E0B00FC8ABD /* ItemType+CoreDataClass.swift */,
				E01CF8621D8A1E0B00FC8ABD /* Item+CoreDataClass.swift */,
				E01CF8641D8A1E0B00FC8ABD /* Store+CoreDataClass.swift */,
				E01CF8661D8A1E0B00FC8ABD /* Image+CoreDataClass.swift */,
				E01CF84F1D8A1C8700FC8ABD /* Generated */,
			);
			name = Model;
			sourceTree = "<group>";
		};
		E01CF84F1D8A1C8700FC8ABD /* Generated */ = {
			isa = PBXGroup;
			children = (
				E01CF8611D8A1E0B00FC8ABD /* ItemType+CoreDataProperties.swift */,
				E01CF8651D8A1E0B00FC8ABD /* Store+CoreDataProperties.swift */,
				E01CF8631D8A1E0B00FC8ABD /* Item+CoreDataProperties.swift */,
				E01CF8671D8A1E0B00FC8ABD /* Image+CoreDataProperties.swift */,
			);
			name = Generated;
			sourceTree = "<group>";
		};
		E076D06E1D8A17AB008E2704 = {
			isa = PBXGroup;
			children = (
				E076D0791D8A17AB008E2704 /* DreamLister */,
				E076D0781D8A17AB008E2704 /* Products */,
			);
			sourceTree = "<group>";
		};
		E076D0781D8A17AB008E2704 /* Products */ = {
			isa = PBXGroup;
			children = (
				E076D0771D8A17AB008E2704 /* DreamLister.app */,
			);
			name = Products;
			sourceTree = "<group>";
		};
		E076D0791D8A17AB008E2704 /* DreamLister */ = {
			isa = PBXGroup;
			children = (
				E08CD9081D8E3E8100EA33A5 /* Controller */,
				E0022E5B1D8A2D9800F5ED58 /* View */,
				E01CF84E1D8A1C8300FC8ABD /* Model */,
				E076D07A1D8A17AB008E2704 /* AppDelegate.swift */,
				E076D07E1D8A17AB008E2704 /* Main.storyboard */,
				E076D0841D8A17AB008E2704 /* Assets.xcassets */,
				E076D0861D8A17AB008E2704 /* LaunchScreen.storyboard */,
				E076D0891D8A17AB008E2704 /* Info.plist */,
				E076D0811D8A17AB008E2704 /* DreamLister.xcdatamodeld */,
			);
			path = DreamLister;
			sourceTree = "<group>";
		};
		E08CD9081D8E3E8100EA33A5 /* Controller */ = {
			isa = PBXGroup;
			children = (
				E076D07C1D8A17AB008E2704 /* MainVC.swift */,
				E08CD9061D8E3E7B00EA33A5 /* ItemDetailsVC.swift */,
			);
			name = Controller;
			sourceTree = "<group>";
		};
/* End PBXGroup section */

/* Begin PBXNativeTarget section */
		E076D0761D8A17AB008E2704 /* DreamLister */ = {
			isa = PBXNativeTarget;
			buildConfigurationList = E076D08C1D8A17AB008E2704 /* Build configuration list for PBXNativeTarget "DreamLister" */;
			buildPhases = (
				E076D0731D8A17AB008E2704 /* Sources */,
				E076D0741D8A17AB008E2704 /* Frameworks */,
				E076D0751D8A17AB008E2704 /* Resources */,
			);
			buildRules = (
			);
			dependencies = (
			);
			name = DreamLister;
			productName = DreamLister;
			productReference = E076D0771D8A17AB008E2704 /* DreamLister.app */;
			productType = "com.apple.product-type.application";
		};
/* End PBXNativeTarget section */

/* Begin PBXProject section */
		E076D06F1D8A17AB008E2704 /* Project object */ = {
			isa = PBXProject;
			attributes = {
				LastSwiftUpdateCheck = 0800;
				LastUpgradeCheck = 0800;
				ORGANIZATIONNAME = Gabriele;
				TargetAttributes = {
					E076D0761D8A17AB008E2704 = {
						CreatedOnToolsVersion = 8.0;
						DevelopmentTeam = LMMQL6UH2F;
						ProvisioningStyle = Automatic;
					};
				};
			};
			buildConfigurationList = E076D0721D8A17AB008E2704 /* Build configuration list for PBXProject "DreamLister" */;
			compatibilityVersion = "Xcode 3.2";
			developmentRegion = English;
			hasScannedForEncodings = 0;
			knownRegions = (
				en,
				Base,
			);
			mainGroup = E076D06E1D8A17AB008E2704;
			productRefGroup = E076D0781D8A17AB008E2704 /* Products */;
			projectDirPath = "";
			projectRoot = "";
			targets = (
				E076D0761D8A17AB008E2704 /* DreamLister */,
			);
		};
/* End PBXProject section */

/* Begin PBXResourcesBuildPhase section */
		E076D0751D8A17AB008E2704 /* Resources */ = {
			isa = PBXResourcesBuildPhase;
			buildActionMask = 2147483647;
			files = (
				E076D0881D8A17AB008E2704 /* LaunchScreen.storyboard in Resources */,
				E076D0851D8A17AB008E2704 /* Assets.xcassets in Resources */,
				E076D0801D8A17AB008E2704 /* Main.storyboard in Resources */,
			);
			runOnlyForDeploymentPostprocessing = 0;
		};
/* End PBXResourcesBuildPhase section */

/* Begin PBXSourcesBuildPhase section */
		E076D0731D8A17AB008E2704 /* Sources */ = {
			isa = PBXSourcesBuildPhase;
			buildActionMask = 2147483647;
			files = (
				E01CF83D1D8A190900FC8ABD /* CustomTextField.swift in Sources */,
				E076D07D1D8A17AB008E2704 /* MainVC.swift in Sources */,
				E01CF86B1D8A1E0B00FC8ABD /* Item+CoreDataProperties.swift in Sources */,
				E0022E5D1D8A2DB200F5ED58 /* MaterialView.swift in Sources */,
				E0022E5F1D8A380200F5ED58 /* ItemCell.swift in Sources */,
				E01CF86F1D8A1E0B00FC8ABD /* Image+CoreDataProperties.swift in Sources */,
				E01CF8691D8A1E0B00FC8ABD /* ItemType+CoreDataProperties.swift in Sources */,
				E01CF86C1D8A1E0B00FC8ABD /* Store+CoreDataClass.swift in Sources */,
				E01CF86E1D8A1E0B00FC8ABD /* Image+CoreDataClass.swift in Sources */,
				E08CD9071D8E3E7B00EA33A5 /* ItemDetailsVC.swift in Sources */,
				E01CF86D1D8A1E0B00FC8ABD /* Store+CoreDataProperties.swift in Sources */,
				E01CF8681D8A1E0B00FC8ABD /* ItemType+CoreDataClass.swift in Sources */,
				E076D07B1D8A17AB008E2704 /* AppDelegate.swift in Sources */,
				E076D0831D8A17AB008E2704 /* DreamLister.xcdatamodeld in Sources */,
				E01CF86A1D8A1E0B00FC8ABD /* Item+CoreDataClass.swift in Sources */,
			);
			runOnlyForDeploymentPostprocessing = 0;
		};
/* End PBXSourcesBuildPhase section */

/* Begin PBXVariantGroup section */
		E076D07E1D8A17AB008E2704 /* Main.storyboard */ = {
			isa = PBXVariantGroup;
			children = (
				E076D07F1D8A17AB008E2704 /* Base */,
			);
			name = Main.storyboard;
			sourceTree = "<group>";
		};
		E076D0861D8A17AB008E2704 /* LaunchScreen.storyboard */ = {
			isa = PBXVariantGroup;
			children = (
				E076D0871D8A17AB008E2704 /* Base */,
			);
			name = LaunchScreen.storyboard;
			sourceTree = "<group>";
		};
/* End PBXVariantGroup section */

/* Begin XCBuildConfiguration section */
		E076D08A1D8A17AB008E2704 /* Debug */ = {
			isa = XCBuildConfiguration;
			buildSettings = {
				ALWAYS_SEARCH_USER_PATHS = NO;
				CLANG_ANALYZER_NONNULL = YES;
				CLANG_CXX_LANGUAGE_STANDARD = "gnu++0x";
				CLANG_CXX_LIBRARY = "libc++";
				CLANG_ENABLE_MODULES = YES;
				CLANG_ENABLE_OBJC_ARC = YES;
				CLANG_WARN_BOOL_CONVERSION = YES;
				CLANG_WARN_CONSTANT_CONVERSION = YES;
				CLANG_WARN_DIRECT_OBJC_ISA_USAGE = YES_ERROR;
				CLANG_WARN_DOCUMENTATION_COMMENTS = YES;
				CLANG_WARN_EMPTY_BODY = YES;
				CLANG_WARN_ENUM_CONVERSION = YES;
				CLANG_WARN_INFINITE_RECURSION = YES;
				CLANG_WARN_INT_CONVERSION = YES;
				CLANG_WARN_OBJC_ROOT_CLASS = YES_ERROR;
				CLANG_WARN_SUSPICIOUS_MOVES = YES;
				CLANG_WARN_UNREACHABLE_CODE = YES;
				CLANG_WARN__DUPLICATE_METHOD_MATCH = YES;
				"CODE_SIGN_IDENTITY[sdk=iphoneos*]" = "iPhone Developer";
				COPY_PHASE_STRIP = NO;
				DEBUG_INFORMATION_FORMAT = dwarf;
				ENABLE_STRICT_OBJC_MSGSEND = YES;
				ENABLE_TESTABILITY = YES;
				GCC_C_LANGUAGE_STANDARD = gnu99;
				GCC_DYNAMIC_NO_PIC = NO;
				GCC_NO_COMMON_BLOCKS = YES;
				GCC_OPTIMIZATION_LEVEL = 0;
				GCC_PREPROCESSOR_DEFINITIONS = (
					"DEBUG=1",
					"$(inherited)",
				);
				GCC_WARN_64_TO_32_BIT_CONVERSION = YES;
				GCC_WARN_ABOUT_RETURN_TYPE = YES_ERROR;
				GCC_WARN_UNDECLARED_SELECTOR = YES;
				GCC_WARN_UNINITIALIZED_AUTOS = YES_AGGRESSIVE;
				GCC_WARN_UNUSED_FUNCTION = YES;
				GCC_WARN_UNUSED_VARIABLE = YES;
				IPHONEOS_DEPLOYMENT_TARGET = 10.0;
				MTL_ENABLE_DEBUG_INFO = YES;
				ONLY_ACTIVE_ARCH = YES;
				SDKROOT = iphoneos;
				SWIFT_ACTIVE_COMPILATION_CONDITIONS = DEBUG;
				SWIFT_OPTIMIZATION_LEVEL = "-Onone";
				TARGETED_DEVICE_FAMILY = "1,2";
			};
			name = Debug;
		};
		E076D08B1D8A17AB008E2704 /* Release */ = {
			isa = XCBuildConfiguration;
			buildSettings = {
				ALWAYS_SEARCH_USER_PATHS = NO;
				CLANG_ANALYZER_NONNULL = YES;
				CLANG_CXX_LANGUAGE_STANDARD = "gnu++0x";
				CLANG_CXX_LIBRARY = "libc++";
				CLANG_ENABLE_MODULES = YES;
				CLANG_ENABLE_OBJC_ARC = YES;
				CLANG_WARN_BOOL_CONVERSION = YES;
				CLANG_WARN_CONSTANT_CONVERSION = YES;
				CLANG_WARN_DIRECT_OBJC_ISA_USAGE = YES_ERROR;
				CLANG_WARN_DOCUMENTATION_COMMENTS = YES;
				CLANG_WARN_EMPTY_BODY = YES;
				CLANG_WARN_ENUM_CONVERSION = YES;
				CLANG_WARN_INFINITE_RECURSION = YES;
				CLANG_WARN_INT_CONVERSION = YES;
				CLANG_WARN_OBJC_ROOT_CLASS = YES_ERROR;
				CLANG_WARN_SUSPICIOUS_MOVES = YES;
				CLANG_WARN_UNREACHABLE_CODE = YES;
				CLANG_WARN__DUPLICATE_METHOD_MATCH = YES;
				"CODE_SIGN_IDENTITY[sdk=iphoneos*]" = "iPhone Developer";
				COPY_PHASE_STRIP = NO;
				DEBUG_INFORMATION_FORMAT = "dwarf-with-dsym";
				ENABLE_NS_ASSERTIONS = NO;
				ENABLE_STRICT_OBJC_MSGSEND = YES;
				GCC_C_LANGUAGE_STANDARD = gnu99;
				GCC_NO_COMMON_BLOCKS = YES;
				GCC_WARN_64_TO_32_BIT_CONVERSION = YES;
				GCC_WARN_ABOUT_RETURN_TYPE = YES_ERROR;
				GCC_WARN_UNDECLARED_SELECTOR = YES;
				GCC_WARN_UNINITIALIZED_AUTOS = YES_AGGRESSIVE;
				GCC_WARN_UNUSED_FUNCTION = YES;
				GCC_WARN_UNUSED_VARIABLE = YES;
				IPHONEOS_DEPLOYMENT_TARGET = 10.0;
				MTL_ENABLE_DEBUG_INFO = NO;
				SDKROOT = iphoneos;
				SWIFT_OPTIMIZATION_LEVEL = "-Owholemodule";
				TARGETED_DEVICE_FAMILY = "1,2";
				VALIDATE_PRODUCT = YES;
			};
			name = Release;
		};
		E076D08D1D8A17AB008E2704 /* Debug */ = {
			isa = XCBuildConfiguration;
			buildSettings = {
				ASSETCATALOG_COMPILER_APPICON_NAME = AppIcon;
				DEVELOPMENT_TEAM = LMMQL6UH2F;
				INFOPLIST_FILE = DreamLister/Info.plist;
				LD_RUNPATH_SEARCH_PATHS = "$(inherited) @executable_path/Frameworks";
				PRODUCT_BUNDLE_IDENTIFIER = com.ashleydonohoe.DreamLister;
				PRODUCT_NAME = "$(TARGET_NAME)";
				SWIFT_VERSION = 3.0;
			};
			name = Debug;
		};
		E076D08E1D8A17AB008E2704 /* Release */ = {
			isa = XCBuildConfiguration;
			buildSettings = {
				ASSETCATALOG_COMPILER_APPICON_NAME = AppIcon;
				DEVELOPMENT_TEAM = LMMQL6UH2F;
				INFOPLIST_FILE = DreamLister/Info.plist;
				LD_RUNPATH_SEARCH_PATHS = "$(inherited) @executable_path/Frameworks";
				PRODUCT_BUNDLE_IDENTIFIER = com.ashleydonohoe.DreamLister;
				PRODUCT_NAME = "$(TARGET_NAME)";
				SWIFT_VERSION = 3.0;
			};
			name = Release;
		};
/* End XCBuildConfiguration section */

/* Begin XCConfigurationList section */
		E076D0721D8A17AB008E2704 /* Build configuration list for PBXProject "DreamLister" */ = {
			isa = XCConfigurationList;
			buildConfigurations = (
				E076D08A1D8A17AB008E2704 /* Debug */,
				E076D08B1D8A17AB008E2704 /* Release */,
			);
			defaultConfigurationIsVisible = 0;
			defaultConfigurationName = Release;
		};
		E076D08C1D8A17AB008E2704 /* Build configuration list for PBXNativeTarget "DreamLister" */ = {
			isa = XCConfigurationList;
			buildConfigurations = (
				E076D08D1D8A17AB008E2704 /* Debug */,
				E076D08E1D8A17AB008E2704 /* Release */,
			);
			defaultConfigurationIsVisible = 0;
			defaultConfigurationName = Release;
		};
/* End XCConfigurationList section */

/* Begin XCVersionGroup section */
		E076D0811D8A17AB008E2704 /* DreamLister.xcdatamodeld */ = {
			isa = XCVersionGroup;
			children = (
				E076D0821D8A17AB008E2704 /* DreamLister.xcdatamodel */,
			);
			currentVersion = E076D0821D8A17AB008E2704 /* DreamLister.xcdatamodel */;
			path = DreamLister.xcdatamodeld;
			sourceTree = "<group>";
			versionGroupType = wrapper.xcdatamodel;
		};
/* End XCVersionGroup section */
	};
	rootObject = E076D06F1D8A17AB008E2704 /* Project object */;
}
